{
  "name": "openclaw",
  "version": "0.1.0",
  "lockfileVersion": 3,
  "requires": true,
  "packages": {
    "": {
      "name": "openclaw",
      "version": "0.1.0",
      "workspaces": [
        "packages/*",
        "key-orchestrator"
      ],
      "engines": {
        "node": ">=20.0.0"
      }
    },
    "key-orchestrator": {
      "version": "0.1.0",
      "dependencies": {
        "@openclaw/core": "*",
        "@openclaw/plugin-adapter-newapi": "*",
        "@openclaw/plugin-linuxdo-discover": "*",
        "@openclaw/plugin-linuxdo-monitor": "*",
        "@openclaw/plugin-linuxdo-onboard": "*",
        "@openclaw/plugin-schedule-windows": "*"
      },
      "engines": {
        "node": ">=20.0.0"
      }
    },
    "node_modules/@openclaw/core": {
      "resolved": "packages/core",
      "link": true
    },
    "node_modules/@openclaw/plugin-adapter-newapi": {
      "resolved": "packages/plugin-adapter-newapi",
      "link": true
    },
    "node_modules/@openclaw/plugin-linuxdo-discover": {
      "resolved": "packages/plugin-linuxdo-discover",
      "link": true
    },
    "node_modules/@openclaw/plugin-linuxdo-monitor": {
      "resolved": "packages/plugin-linuxdo-monitor",
      "link": true
    },
    "node_modules/@openclaw/plugin-linuxdo-onboard": {
      "resolved": "packages/plugin-linuxdo-onboard",
      "link": true
    },
    "node_modules/@openclaw/plugin-schedule-windows": {
      "resolved": "packages/plugin-schedule-windows",
      "link": true
    },
    "node_modules/key-orchestrator": {
      "resolved": "key-orchestrator",
      "link": true
    },
    "packages/core": {
      "name": "@openclaw/core",
      "version": "0.1.0",
      "engines": {
        "node": ">=20.0.0"
      }
    },
    "packages/plugin-adapter-newapi": {
      "name": "@openclaw/plugin-adapter-newapi",
      "version": "0.1.0",
      "dependencies": {
        "@openclaw/core": "*"
      },
      "engines": {
        "node": ">=20.0.0"
      }
    },
    "packages/plugin-linuxdo-discover": {
      "name": "@openclaw/plugin-linuxdo-discover",
      "version": "0.1.0",
      "dependencies": {
        "@openclaw/core": "*"
      },
      "engines": {
        "node": ">=20.0.0"
      }
    },
    "packages/plugin-linuxdo-monitor": {
      "name": "@openclaw/plugin-linuxdo-monitor",
      "version": "0.1.0",
      "dependencies": {
        "@openclaw/core": "*"
      },
      "engines": {
        "node": ">=20.0.0"
      }
    },
    "packages/plugin-linuxdo-onboard": {
      "name": "@openclaw/plugin-linuxdo-onboard",
      "version": "0.1.0",
      "dependencies": {
        "@openclaw/core": "*"
      },
      "engines": {
        "node": ">=20.0.0"
      }
    },
    "packages/plugin-schedule-windows": {
      "name": "@openclaw/plugin-schedule-windows",
      "version": "0.1.0",
      "dependencies": {
        "@openclaw/core": "*"
      },
      "engines": {
        "node": ">=20.0.0"
      }
    }
  }
}
